// !$*UTF8*$!
{
	archiveVersion = 1;
	classes = {
	};
	objectVersion = 56;
	objects = {

/* Begin PBXBuildFile section */
		963E76DA2FE4477500590BC2 /* VolleyballTrainerAIApp.swift in Sources */ = {isa = PBXBuildFile; fileRef = 963E76D92FE4477500590BC2 /* VolleyballTrainerAIApp.swift */; };
		963E76DC2FE4477500590BC2 /* ContentView.swift in Sources */ = {isa = PBXBuildFile; fileRef = 963E76DB2FE4477500590BC2 /* ContentView.swift */; };
		963E76E02FE4477800590BC2 /* Assets.xcassets in Resources */ = {isa = PBXBuildFile; fileRef = 963E76DF2FE4477800590BC2 /* Assets.xcassets */; };
		963E76E32FE4477800590BC2 /* Preview Assets.xcassets in Resources */ = {isa = PBXBuildFile; fileRef = 963E76E22FE4477800590BC2 /* Preview Assets.xcassets */; };
		963E76ED2FE4477800590BC2 /* VolleyballTrainerAITests.swift in Sources */ = {isa = PBXBuildFile; fileRef = 963E76EC2FE4477800590BC2 /* VolleyballTrainerAITests.swift */; };
		963E76F72FE4477900590BC2 /* VolleyballTrainerAIUITests.swift in Sources */ = {isa = PBXBuildFile; fileRef = 963E76F62FE4477900590BC2 /* VolleyballTrainerAIUITests.swift */; };
		963E76F92FE4477900590BC2 /* VolleyballTrainerAIUITestsLaunchTests.swift in Sources */ = {isa = PBXBuildFile; fileRef = 963E76F82FE4477900590BC2 /* VolleyballTrainerAIUITestsLaunchTests.swift */; };
		963E77062FE44A6100590BC2 /* PoseTracker.swift in Sources */ = {isa = PBXBuildFile; fileRef = 963E77052FE44A6100590BC2 /* PoseTracker.swift */; };
		963E77082FE44CD000590BC2 /* VolleyballHit.swift in Sources */ = {isa = PBXBuildFile; fileRef = 963E77072FE44CD000590BC2 /* VolleyballHit.swift */; };
		963E770A2FE44D0700590BC2 /* CoachEngine.swift in Sources */ = {isa = PBXBuildFile; fileRef = 963E77092FE44D0700590BC2 /* CoachEngine.swift */; };
		963E77112FE457A100590BC2 /* LiveAIView.swift in Sources */ = {isa = PBXBuildFile; fileRef = 963E77102FE457A100590BC2 /* LiveAIView.swift */; };
		963E77132FE4580200590BC2 /* ReplaySummaryView.swift in Sources */ = {isa = PBXBuildFile; fileRef = 963E77122FE4580200590BC2 /* ReplaySummaryView.swift */; };
		963E77172FE4725400590BC2 /* ScoringEngine.swift in Sources */ = {isa = PBXBuildFile; fileRef = 963E77162FE4725400590BC2 /* ScoringEngine.swift */; };
		963E77192FE4728A00590BC2 /* CoreFeedbackEngine.swift in Sources */ = {isa = PBXBuildFile; fileRef = 963E77182FE4728A00590BC2 /* CoreFeedbackEngine.swift */; };
		963E771B2FE4730D00590BC2 /* SessionSummaryView.swift in Sources */ = {isa = PBXBuildFile; fileRef = 963E771A2FE4730D00590BC2 /* SessionSummaryView.swift */; };
		9661C1B42FE6C3B0003317E1 /* GlowButton.swift in Sources */ = {isa = PBXBuildFile; fileRef = 9661C1B32FE6C3B0003317E1 /* GlowButton.swift */; };
		98A000012FE8B0000012345B /* PlayHubView.swift in Sources */ = {isa = PBXBuildFile; fileRef = 98A000112FE8B0000012345B /* PlayHubView.swift */; };
		98A000022FE8B0000012345C /* PracticeHubView.swift in Sources */ = {isa = PBXBuildFile; fileRef = 98A000122FE8B0000012345C /* PracticeHubView.swift */; };
		9661C1B72FE6C3B0003317E2 /* CourtButton.swift in Sources */ = {isa = PBXBuildFile; fileRef = 9661C1B82FE6C3B0003317E2 /* CourtButton.swift */; };
		9661C1B62FE6C3E3003317E1 /* HomeScreen.swift in Sources */ = {isa = PBXBuildFile; fileRef = 9661C1B52FE6C3E3003317E1 /* HomeScreen.swift */; };
		96A000012FE8B00000123456 /* TrainingHubView.swift in Sources */ = {isa = PBXBuildFile; fileRef = 96A000112FE8B00000123456 /* TrainingHubView.swift */; };
		96A000022FE8B00000123457 /* PerformanceHubView.swift in Sources */ = {isa = PBXBuildFile; fileRef = 96A000122FE8B00000123457 /* PerformanceHubView.swift */; };
		96A000032FE8B00000123458 /* ChartsView.swift in Sources */ = {isa = PBXBuildFile; fileRef = 96A000132FE8B00000123458 /* ChartsView.swift */; };
		96A000042FE8B00000123459 /* LifetimeStatsView.swift in Sources */ = {isa = PBXBuildFile; fileRef = 96A000142FE8B00000123459 /* LifetimeStatsView.swift */; };
		96A000052FE8B0000012345A /* SavedHitsListView.swift in Sources */ = {isa = PBXBuildFile; fileRef = 96A000152FE8B0000012345A /* SavedHitsListView.swift */; };
/* End PBXBuildFile section */

/* Begin PBXContainerItemProxy section */
		963E76E92FE4477800590BC2 /* PBXContainerItemProxy */ = {
			isa = PBXContainerItemProxy;
			containerPortal = 963E76CE2FE4477400590BC2 /* Project object */;
			proxyType = 1;
			remoteGlobalIDString = 963E76D52FE4477400590BC2;
			remoteInfo = VolleyballTrainerAI;
		};
		963E76F32FE4477900590BC2 /* PBXContainerItemProxy */ = {
			isa = PBXContainerItemProxy;
			containerPortal = 963E76CE2FE4477400590BC2 /* Project object */;
			proxyType = 1;
			remoteGlobalIDString = 963E76D52FE4477400590BC2;
			remoteInfo = VolleyballTrainerAI;
		};
/* End PBXContainerItemProxy section */

/* Begin PBXFileReference section */
		963E76D62FE4477500590BC2 /* VolleyballTrainerAI.app */ = {isa = PBXFileReference; explicitFileType = wrapper.application; includeInIndex = 0; path = VolleyballTrainerAI.app; sourceTree = BUILT_PRODUCTS_DIR; };
		963E76D92FE4477500590BC2 /* VolleyballTrainerAIApp.swift */ = {isa = PBXFileReference; lastKnownFileType = sourcecode.swift; path = VolleyballTrainerAIApp.swift; sourceTree = "<group>"; };
		963E76DB2FE4477500590BC2 /* ContentView.swift */ = {isa = PBXFileReference; lastKnownFileType = sourcecode.swift; path = ContentView.swift; sourceTree = "<group>"; };
		963E76DF2FE4477800590BC2 /* Assets.xcassets */ = {isa = PBXFileReference; lastKnownFileType = folder.assetcatalog; path = Assets.xcassets; sourceTree = "<group>"; };
		963E76E22FE4477800590BC2 /* Preview Assets.xcassets */ = {isa = PBXFileReference; lastKnownFileType = folder.assetcatalog; path = "Preview Assets.xcassets"; sourceTree = "<group>"; };
		963E76E82FE4477800590BC2 /* VolleyballTrainerAITests.xctest */ = {isa = PBXFileReference; explicitFileType = wrapper.cfbundle; includeInIndex = 0; path = VolleyballTrainerAITests.xctest; sourceTree = BUILT_PRODUCTS_DIR; };
		963E76EC2FE4477800590BC2 /* VolleyballTrainerAITests.swift */ = {isa = PBXFileReference; lastKnownFileType = sourcecode.swift; path = VolleyballTrainerAITests.swift; sourceTree = "<group>"; };
		963E76F22FE4477900590BC2 /* VolleyballTrainerAIUITests.xctest */ = {isa = PBXFileReference; explicitFileType = wrapper.cfbundle; includeInIndex = 0; path = VolleyballTrainerAIUITests.xctest; sourceTree = BUILT_PRODUCTS_DIR; };
		963E76F62FE4477900590BC2 /* VolleyballTrainerAIUITests.swift */ = {isa = PBXFileReference; lastKnownFileType = sourcecode.swift; path = VolleyballTrainerAIUITests.swift; sourceTree = "<group>"; };
		963E76F82FE4477900590BC2 /* VolleyballTrainerAIUITestsLaunchTests.swift */ = {isa = PBXFileReference; lastKnownFileType = sourcecode.swift; path = VolleyballTrainerAIUITestsLaunchTests.swift; sourceTree = "<group>"; };
		963E77052FE44A6100590BC2 /* PoseTracker.swift */ = {isa = PBXFileReference; lastKnownFileType = sourcecode.swift; path = PoseTracker.swift; sourceTree = "<group>"; };
		963E77072FE44CD000590BC2 /* VolleyballHit.swift */ = {isa = PBXFileReference; lastKnownFileType = sourcecode.swift; path = VolleyballHit.swift; sourceTree = "<group>"; };
		963E77092FE44D0700590BC2 /* CoachEngine.swift */ = {isa = PBXFileReference; lastKnownFileType = sourcecode.swift; path = CoachEngine.swift; sourceTree = "<group>"; };
		963E77102FE457A100590BC2 /* LiveAIView.swift */ = {isa = PBXFileReference; lastKnownFileType = sourcecode.swift; path = LiveAIView.swift; sourceTree = "<group>"; };
		963E77122FE4580200590BC2 /* ReplaySummaryView.swift */ = {isa = PBXFileReference; lastKnownFileType = sourcecode.swift; path = ReplaySummaryView.swift; sourceTree = "<group>"; };
		963E77162FE4725400590BC2 /* ScoringEngine.swift */ = {isa = PBXFileReference; lastKnownFileType = sourcecode.swift; path = ScoringEngine.swift; sourceTree = "<group>"; };
		963E77182FE4728A00590BC2 /* CoreFeedbackEngine.swift */ = {isa = PBXFileReference; lastKnownFileType = sourcecode.swift; path = CoreFeedbackEngine.swift; sourceTree = "<group>"; };
		963E771A2FE4730D00590BC2 /* SessionSummaryView.swift */ = {isa = PBXFileReference; lastKnownFileType = sourcecode.swift; path = SessionSummaryView.swift; sourceTree = "<group>"; };
		9661C1B32FE6C3B0003317E1 /* GlowButton.swift */ = {isa = PBXFileReference; lastKnownFileType = sourcecode.swift; path = GlowButton.swift; sourceTree = "<group>"; };
		98A000112FE8B0000012345B /* PlayHubView.swift */ = {isa = PBXFileReference; lastKnownFileType = sourcecode.swift; path = PlayHubView.swift; sourceTree = "<group>"; };
		98A000122FE8B0000012345C /* PracticeHubView.swift */ = {isa = PBXFileReference; lastKnownFileType = sourcecode.swift; path = PracticeHubView.swift; sourceTree = "<group>"; };
		9661C1B82FE6C3B0003317E2 /* CourtButton.swift */ = {isa = PBXFileReference; lastKnownFileType = sourcecode.swift; path = CourtButton.swift; sourceTree = "<group>"; };
		9661C1B52FE6C3E3003317E1 /* HomeScreen.swift */ = {isa = PBXFileReference; lastKnownFileType = sourcecode.swift; path = HomeScreen.swift; sourceTree = "<group>"; };
		96A000112FE8B00000123456 /* TrainingHubView.swift */ = {isa = PBXFileReference; lastKnownFileType = sourcecode.swift; path = TrainingHubView.swift; sourceTree = "<group>"; };
		96A000122FE8B00000123457 /* PerformanceHubView.swift */ = {isa = PBXFileReference; lastKnownFileType = sourcecode.swift; path = PerformanceHubView.swift; sourceTree = "<group>"; };
		96A000132FE8B00000123458 /* ChartsView.swift */ = {isa = PBXFileReference; lastKnownFileType = sourcecode.swift; path = ChartsView.swift; sourceTree = "<group>"; };
		96A000142FE8B00000123459 /* LifetimeStatsView.swift */ = {isa = PBXFileReference; lastKnownFileType = sourcecode.swift; path = LifetimeStatsView.swift; sourceTree = "<group>"; };
		96A000152FE8B0000012345A /* SavedHitsListView.swift */ = {isa = PBXFileReference; lastKnownFileType = sourcecode.swift; path = SavedHitsListView.swift; sourceTree = "<group>"; };
/* End PBXFileReference section */

/* Begin PBXFrameworksBuildPhase section */
		963E76D32FE4477400590BC2 /* Frameworks */ = {
			isa = PBXFrameworksBuildPhase;
			buildActionMask = 2147483647;
			files = (
			);
			runOnlyForDeploymentPostprocessing = 0;
		};
		963E76E52FE4477800590BC2 /* Frameworks */ = {
			isa = PBXFrameworksBuildPhase;
			buildActionMask = 2147483647;
			files = (
			);
			runOnlyForDeploymentPostprocessing = 0;
		};
		963E76EF2FE4477900590BC2 /* Frameworks */ = {
			isa = PBXFrameworksBuildPhase;
			buildActionMask = 2147483647;
			files = (
			);
			runOnlyForDeploymentPostprocessing = 0;
		};
/* End PBXFrameworksBuildPhase section */

/* Begin PBXGroup section */
		963E76CD2FE4477400590BC2 = {
			isa = PBXGroup;
			children = (
				963E76D82FE4477500590BC2 /* VolleyballTrainerAI */,
				963E76EB2FE4477800590BC2 /* VolleyballTrainerAITests */,
				963E76F52FE4477900590BC2 /* VolleyballTrainerAIUITests */,
				963E76D72FE4477500590BC2 /* Products */,
			);
			sourceTree = "<group>";
		};
		963E76D72FE4477500590BC2 /* Products */ = {
			isa = PBXGroup;
			children = (
				963E76D62FE4477500590BC2 /* VolleyballTrainerAI.app */,
				963E76E82FE4477800590BC2 /* VolleyballTrainerAITests.xctest */,
				963E76F22FE4477900590BC2 /* VolleyballTrainerAIUITests.xctest */,
			);
			name = Products;
			sourceTree = "<group>";
		};
		963E76D82FE4477500590BC2 /* VolleyballTrainerAI */ = {
			isa = PBXGroup;
			children = (
				963E77122FE4580200590BC2 /* ReplaySummaryView.swift */,
				963E77102FE457A100590BC2 /* LiveAIView.swift */,
				9661C1B52FE6C3E3003317E1 /* HomeScreen.swift */,
				9661C1B32FE6C3B0003317E1 /* GlowButton.swift */,
				9661C1B82FE6C3B0003317E2 /* CourtButton.swift */,
			98A000112FE8B0000012345B /* PlayHubView.swift */,
			98A000122FE8B0000012345C /* PracticeHubView.swift */,
				96A000112FE8B00000123456 /* TrainingHubView.swift */,
				96A000122FE8B00000123457 /* PerformanceHubView.swift */,
				96A000132FE8B00000123458 /* ChartsView.swift */,
				96A000142FE8B00000123459 /* LifetimeStatsView.swift */,
				96A000152FE8B0000012345A /* SavedHitsListView.swift */,
				963E77092FE44D0700590BC2 /* CoachEngine.swift */,
				963E77072FE44CD000590BC2 /* VolleyballHit.swift */,
				963E76D92FE4477500590BC2 /* VolleyballTrainerAIApp.swift */,
				963E76DB2FE4477500590BC2 /* ContentView.swift */,
				963E77162FE4725400590BC2 /* ScoringEngine.swift */,
				963E77052FE44A6100590BC2 /* PoseTracker.swift */,
				963E771A2FE4730D00590BC2 /* SessionSummaryView.swift */,
				963E77182FE4728A00590BC2 /* CoreFeedbackEngine.swift */,
				963E76DF2FE4477800590BC2 /* Assets.xcassets */,
				963E76E12FE4477800590BC2 /* Preview Content */,
			);
			path = VolleyballTrainerAI;
			sourceTree = "<group>";
		};
		963E76E12FE4477800590BC2 /* Preview Content */ = {
			isa = PBXGroup;
			children = (
				963E76E22FE4477800590BC2 /* Preview Assets.xcassets */,
			);
			path = "Preview Content";
			sourceTree = "<group>";
		};
		963E76EB2FE4477800590BC2 /* VolleyballTrainerAITests */ = {
			isa = PBXGroup;
			children = (
				963E76EC2FE4477800590BC2 /* VolleyballTrainerAITests.swift */,
			);
			path = VolleyballTrainerAITests;
			sourceTree = "<group>";
		};
		963E76F52FE4477900590BC2 /* VolleyballTrainerAIUITests */ = {
			isa = PBXGroup;
			children = (
				963E76F62FE4477900590BC2 /* VolleyballTrainerAIUITests.swift */,
				963E76F82FE4477900590BC2 /* VolleyballTrainerAIUITestsLaunchTests.swift */,
			);
			path = VolleyballTrainerAIUITests;
			sourceTree = "<group>";
		};
/* End PBXGroup section */

/* Begin PBXNativeTarget section */
		963E76D52FE4477400590BC2 /* VolleyballTrainerAI */ = {
			isa = PBXNativeTarget;
			buildConfigurationList = 963E76FC2FE4477900590BC2 /* Build configuration list for PBXNativeTarget "VolleyballTrainerAI" */;
			buildPhases = (
				963E76D22FE4477400590BC2 /* Sources */,
				963E76D32FE4477400590BC2 /* Frameworks */,
				963E76D42FE4477400590BC2 /* Resources */,
			);
			buildRules = (
			);
			dependencies = (
			);
			name = VolleyballTrainerAI;
			productName = VolleyballTrainerAI;
			productReference = 963E76D62FE4477500590BC2 /* VolleyballTrainerAI.app */;
			productType = "com.apple.product-type.application";
		};
		963E76E72FE4477800590BC2 /* VolleyballTrainerAITests */ = {
			isa = PBXNativeTarget;
			buildConfigurationList = 963E76FF2FE4477900590BC2 /* Build configuration list for PBXNativeTarget "VolleyballTrainerAITests" */;
			buildPhases = (
				963E76E42FE4477800590BC2 /* Sources */,
				963E76E52FE4477800590BC2 /* Frameworks */,
				963E76E62FE4477800590BC2 /* Resources */,
			);
			buildRules = (
			);
			dependencies = (
				963E76EA2FE4477800590BC2 /* PBXTargetDependency */,
			);
			name = VolleyballTrainerAITests;
			productName = VolleyballTrainerAITests;
			productReference = 963E76E82FE4477800590BC2 /* VolleyballTrainerAITests.xctest */;
			productType = "com.apple.product-type.bundle.unit-test";
		};
		963E76F12FE4477900590BC2 /* VolleyballTrainerAIUITests */ = {
			isa = PBXNativeTarget;
			buildConfigurationList = 963E77022FE4477900590BC2 /* Build configuration list for PBXNativeTarget "VolleyballTrainerAIUITests" */;
			buildPhases = (
				963E76EE2FE4477900590BC2 /* Sources */,
				963E76EF2FE4477900590BC2 /* Frameworks */,
				963E76F02FE4477900590BC2 /* Resources */,
			);
			buildRules = (
			);
			dependencies = (
				963E76F42FE4477900590BC2 /* PBXTargetDependency */,
			);
			name = VolleyballTrainerAIUITests;
			productName = VolleyballTrainerAIUITests;
			productReference = 963E76F22FE4477900590BC2 /* VolleyballTrainerAIUITests.xctest */;
			productType = "com.apple.product-type.bundle.ui-testing";
		};
/* End PBXNativeTarget section */

/* Begin PBXProject section */
		963E76CE2FE4477400590BC2 /* Project object */ = {
			isa = PBXProject;
			attributes = {
				BuildIndependentTargetsInParallel = 1;
				LastSwiftUpdateCheck = 1520;
				LastUpgradeCheck = 1520;
				TargetAttributes = {
					963E76D52FE4477400590BC2 = {
						CreatedOnToolsVersion = 15.2;
					};
					963E76E72FE4477800590BC2 = {
						CreatedOnToolsVersion = 15.2;
						TestTargetID = 963E76D52FE4477400590BC2;
					};
					963E76F12FE4477900590BC2 = {
						CreatedOnToolsVersion = 15.2;
						TestTargetID = 963E76D52FE4477400590BC2;
					};
				};
			};
			buildConfigurationList = 963E76D12FE4477400590BC2 /* Build configuration list for PBXProject "VolleyballTrainerAI" */;
			compatibilityVersion = "Xcode 14.0";
			developmentRegion = en;
			hasScannedForEncodings = 0;
			knownRegions = (
				en,
				Base,
			);
			mainGroup = 963E76CD2FE4477400590BC2;
			productRefGroup = 963E76D72FE4477500590BC2 /* Products */;
			projectDirPath = "";
			projectRoot = "";
			targets = (
				963E76D52FE4477400590BC2 /* VolleyballTrainerAI */,
				963E76E72FE4477800590BC2 /* VolleyballTrainerAITests */,
				963E76F12FE4477900590BC2 /* VolleyballTrainerAIUITests */,
			);
		};
/* End PBXProject section */

/* Begin PBXResourcesBuildPhase section */
		963E76D42FE4477400590BC2 /* Resources */ = {
			isa = PBXResourcesBuildPhase;
			buildActionMask = 2147483647;
			files = (
				963E76E32FE4477800590BC2 /* Preview Assets.xcassets in Resources */,
				963E76E02FE4477800590BC2 /* Assets.xcassets in Resources */,
			);
			runOnlyForDeploymentPostprocessing = 0;
		};
		963E76E62FE4477800590BC2 /* Resources */ = {
			isa = PBXResourcesBuildPhase;
			buildActionMask = 2147483647;
			files = (
			);
			runOnlyForDeploymentPostprocessing = 0;
		};
		963E76F02FE4477900590BC2 /* Resources */ = {
			isa = PBXResourcesBuildPhase;
			buildActionMask = 2147483647;
			files = (
			);
			runOnlyForDeploymentPostprocessing = 0;
		};
/* End PBXResourcesBuildPhase section */

/* Begin PBXSourcesBuildPhase section */
		963E76D22FE4477400590BC2 /* Sources */ = {
			isa = PBXSourcesBuildPhase;
			buildActionMask = 2147483647;
			files = (
				963E77192FE4728A00590BC2 /* CoreFeedbackEngine.swift in Sources */,
				963E77132FE4580200590BC2 /* ReplaySummaryView.swift in Sources */,
				963E77172FE4725400590BC2 /* ScoringEngine.swift in Sources */,
				963E77112FE457A100590BC2 /* LiveAIView.swift in Sources */,
				9661C1B42FE6C3B0003317E1 /* GlowButton.swift in Sources */,
				9661C1B72FE6C3B0003317E2 /* CourtButton.swift in Sources */,
			98A000022FE8B0000012345C /* PracticeHubView.swift in Sources */,
			98A000012FE8B0000012345B /* PlayHubView.swift in Sources */,
				963E771B2FE4730D00590BC2 /* SessionSummaryView.swift in Sources */,
				963E770A2FE44D0700590BC2 /* CoachEngine.swift in Sources */,
				963E76DC2FE4477500590BC2 /* ContentView.swift in Sources */,
				9661C1B62FE6C3E3003317E1 /* HomeScreen.swift in Sources */,
				96A000012FE8B00000123456 /* TrainingHubView.swift in Sources */,
				96A000022FE8B00000123457 /* PerformanceHubView.swift in Sources */,
				96A000032FE8B00000123458 /* ChartsView.swift in Sources */,
				96A000042FE8B00000123459 /* LifetimeStatsView.swift in Sources */,
				96A000052FE8B0000012345A /* SavedHitsListView.swift in Sources */,
				963E76DA2FE4477500590BC2 /* VolleyballTrainerAIApp.swift in Sources */,
				963E77082FE44CD000590BC2 /* VolleyballHit.swift in Sources */,
				963E77062FE44A6100590BC2 /* PoseTracker.swift in Sources */,
			);
			runOnlyForDeploymentPostprocessing = 0;
		};
		963E76E42FE4477800590BC2 /* Sources */ = {
			isa = PBXSourcesBuildPhase;
			buildActionMask = 2147483647;
			files = (
				963E76ED2FE4477800590BC2 /* VolleyballTrainerAITests.swift in Sources */,
			);
			runOnlyForDeploymentPostprocessing = 0;
		};
		963E76EE2FE4477900590BC2 /* Sources */ = {
			isa = PBXSourcesBuildPhase;
			buildActionMask = 2147483647;
			files = (
				963E76F92FE4477900590BC2 /* VolleyballTrainerAIUITestsLaunchTests.swift in Sources */,
				963E76F72FE4477900590BC2 /* VolleyballTrainerAIUITests.swift in Sources */,
			);
			runOnlyForDeploymentPostprocessing = 0;
		};
/* End PBXSourcesBuildPhase section */

/* Begin PBXTargetDependency section */
		963E76EA2FE4477800590BC2 /* PBXTargetDependency */ = {
			isa = PBXTargetDependency;
			target = 963E76D52FE4477400590BC2 /* VolleyballTrainerAI */;
			targetProxy = 963E76E92FE4477800590BC2 /* PBXContainerItemProxy */;
		};
		963E76F42FE4477900590BC2 /* PBXTargetDependency */ = {
			isa = PBXTargetDependency;
			target = 963E76D52FE4477400590BC2 /* VolleyballTrainerAI */;
			targetProxy = 963E76F32FE4477900590BC2 /* PBXContainerItemProxy */;
		};
/* End PBXTargetDependency section */

/* Begin XCBuildConfiguration section */
		963E76FA2FE4477900590BC2 /* Debug */ = {
			isa = XCBuildConfiguration;
			buildSettings = {
				ALWAYS_SEARCH_USER_PATHS = NO;
				ASSETCATALOG_COMPILER_GENERATE_SWIFT_ASSET_SYMBOL_EXTENSIONS = YES;
				CLANG_ANALYZER_NONNULL = YES;
				CLANG_ANALYZER_NUMBER_OBJECT_CONVERSION = YES_AGGRESSIVE;
				CLANG_CXX_LANGUAGE_STANDARD = "gnu++20";
				CLANG_ENABLE_MODULES = YES;
				CLANG_ENABLE_OBJC_ARC = YES;
				CLANG_ENABLE_OBJC_WEAK = YES;
				CLANG_WARN_BLOCK_CAPTURE_AUTORELEASING = YES;
				CLANG_WARN_BOOL_CONVERSION = YES;
				CLANG_WARN_COMMA = YES;
				CLANG_WARN_CONSTANT_CONVERSION = YES;
				CLANG_WARN_DEPRECATED_OBJC_IMPLEMENTATIONS = YES;
				CLANG_WARN_DIRECT_OBJC_ISA_USAGE = YES_ERROR;
				CLANG_WARN_DOCUMENTATION_COMMENTS = YES;
				CLANG_WARN_EMPTY_BODY = YES;
				CLANG_WARN_ENUM_CONVERSION = YES;
				CLANG_WARN_INFINITE_RECURSION = YES;
				CLANG_WARN_INT_CONVERSION = YES;
				CLANG_WARN_NON_LITERAL_NULL_CONVERSION = YES;
				CLANG_WARN_OBJC_IMPLICIT_RETAIN_SELF = YES;
				CLANG_WARN_OBJC_LITERAL_CONVERSION = YES;
				CLANG_WARN_OBJC_ROOT_CLASS = YES_ERROR;
				CLANG_WARN_QUOTED_INCLUDE_IN_FRAMEWORK_HEADER = YES;
				CLANG_WARN_RANGE_LOOP_ANALYSIS = YES;
				CLANG_WARN_STRICT_PROTOTYPES = YES;
				CLANG_WARN_SUSPICIOUS_MOVE = YES;
				CLANG_WARN_UNGUARDED_AVAILABILITY = YES_AGGRESSIVE;
				CLANG_WARN_UNREACHABLE_CODE = YES;
				CLANG_WARN__DUPLICATE_METHOD_MATCH = YES;
				COPY_PHASE_STRIP = NO;
				DEBUG_INFORMATION_FORMAT = dwarf;
				ENABLE_STRICT_OBJC_MSGSEND = YES;
				ENABLE_TESTABILITY = YES;
				ENABLE_USER_SCRIPT_SANDBOXING = YES;
				GCC_C_LANGUAGE_STANDARD = gnu17;
				GCC_DYNAMIC_NO_PIC = NO;
				GCC_NO_COMMON_BLOCKS = YES;
				GCC_OPTIMIZATION_LEVEL = 0;
				GCC_PREPROCESSOR_DEFINITIONS = (
					"DEBUG=1",
					"$(inherited)",
				);
				GCC_WARN_64_TO_32_BIT_CONVERSION = YES;
				GCC_WARN_ABOUT_RETURN_TYPE = YES_ERROR;
				GCC_WARN_UNDECLARED_SELECTOR = YES;
				GCC_WARN_UNINITIALIZED_AUTOS = YES_AGGRESSIVE;
				GCC_WARN_UNUSED_FUNCTION = YES;
				GCC_WARN_UNUSED_VARIABLE = YES;
				IPHONEOS_DEPLOYMENT_TARGET = 17.2;
				LOCALIZATION_PREFERS_STRING_CATALOGS = YES;
				MTL_ENABLE_DEBUG_INFO = INCLUDE_SOURCE;
				MTL_FAST_MATH = YES;
				ONLY_ACTIVE_ARCH = YES;
				SDKROOT = iphoneos;
				SWIFT_ACTIVE_COMPILATION_CONDITIONS = "DEBUG $(inherited)";
				SWIFT_OPTIMIZATION_LEVEL = "-Onone";
			};
			name = Debug;
		};
		963E76FB2FE4477900590BC2 /* Release */ = {
			isa = XCBuildConfiguration;
			buildSettings = {
				ALWAYS_SEARCH_USER_PATHS = NO;
				ASSETCATALOG_COMPILER_GENERATE_SWIFT_ASSET_SYMBOL_EXTENSIONS = YES;
				CLANG_ANALYZER_NONNULL = YES;
				CLANG_ANALYZER_NUMBER_OBJECT_CONVERSION = YES_AGGRESSIVE;
				CLANG_CXX_LANGUAGE_STANDARD = "gnu++20";
				CLANG_ENABLE_MODULES = YES;
				CLANG_ENABLE_OBJC_ARC = YES;
				CLANG_ENABLE_OBJC_WEAK = YES;
				CLANG_WARN_BLOCK_CAPTURE_AUTORELEASING = YES;
				CLANG_WARN_BOOL_CONVERSION = YES;
				CLANG_WARN_COMMA = YES;
				CLANG_WARN_CONSTANT_CONVERSION = YES;
				CLANG_WARN_DEPRECATED_OBJC_IMPLEMENTATIONS = YES;
				CLANG_WARN_DIRECT_OBJC_ISA_USAGE = YES_ERROR;
				CLANG_WARN_DOCUMENTATION_COMMENTS = YES;
				CLANG_WARN_EMPTY_BODY = YES;
				CLANG_WARN_ENUM_CONVERSION = YES;
				CLANG_WARN_INFINITE_RECURSION = YES;
				CLANG_WARN_INT_CONVERSION = YES;
				CLANG_WARN_NON_LITERAL_NULL_CONVERSION = YES;
				CLANG_WARN_OBJC_IMPLICIT_RETAIN_SELF = YES;
				CLANG_WARN_OBJC_LITERAL_CONVERSION = YES;
				CLANG_WARN_OBJC_ROOT_CLASS = YES_ERROR;
				CLANG_WARN_QUOTED_INCLUDE_IN_FRAMEWORK_HEADER = YES;
				CLANG_WARN_RANGE_LOOP_ANALYSIS = YES;
				CLANG_WARN_STRICT_PROTOTYPES = YES;
				CLANG_WARN_SUSPICIOUS_MOVE = YES;
				CLANG_WARN_UNGUARDED_AVAILABILITY = YES_AGGRESSIVE;
				CLANG_WARN_UNREACHABLE_CODE = YES;
				CLANG_WARN__DUPLICATE_METHOD_MATCH = YES;
				COPY_PHASE_STRIP = NO;
				DEBUG_INFORMATION_FORMAT = "dwarf-with-dsym";
				ENABLE_NS_ASSERTIONS = NO;
				ENABLE_STRICT_OBJC_MSGSEND = YES;
				ENABLE_USER_SCRIPT_SANDBOXING = YES;
				GCC_C_LANGUAGE_STANDARD = gnu17;
				GCC_NO_COMMON_BLOCKS = YES;
				GCC_WARN_64_TO_32_BIT_CONVERSION = YES;
				GCC_WARN_ABOUT_RETURN_TYPE = YES_ERROR;
				GCC_WARN_UNDECLARED_SELECTOR = YES;
				GCC_WARN_UNINITIALIZED_AUTOS = YES_AGGRESSIVE;
				GCC_WARN_UNUSED_FUNCTION = YES;
				GCC_WARN_UNUSED_VARIABLE = YES;
				IPHONEOS_DEPLOYMENT_TARGET = 17.2;
				LOCALIZATION_PREFERS_STRING_CATALOGS = YES;
				MTL_ENABLE_DEBUG_INFO = NO;
				MTL_FAST_MATH = YES;
				SDKROOT = iphoneos;
				SWIFT_COMPILATION_MODE = wholemodule;
				VALIDATE_PRODUCT = YES;
			};
			name = Release;
		};
		963E76FD2FE4477900590BC2 /* Debug */ = {
			isa = XCBuildConfiguration;
			buildSettings = {
				ASSETCATALOG_COMPILER_APPICON_NAME = AppIcon;
				ASSETCATALOG_COMPILER_GLOBAL_ACCENT_COLOR_NAME = AccentColor;
				CODE_SIGN_STYLE = Automatic;
				CURRENT_PROJECT_VERSION = 1;
				DEVELOPMENT_ASSET_PATHS = "\"VolleyballTrainerAI/Preview Content\"";
				DEVELOPMENT_TEAM = 2G78XY4X97;
				ENABLE_PREVIEWS = YES;
				GENERATE_INFOPLIST_FILE = YES;
				INFOPLIST_FILE = "";
				INFOPLIST_KEY_CFBundleDisplayName = "";
				INFOPLIST_KEY_LSApplicationCategoryType = "";
				INFOPLIST_KEY_NSCameraUsageDescription = "VolleyballTrainerAI requires live camera access to compute real-time skeleton point mapping and ball tracking paths.\n";
				INFOPLIST_KEY_NSMicrophoneUsageDescription = "VolleyballTrainerAI requires microphone access to measure structural audio spike impacts.\n";
				INFOPLIST_KEY_UIApplicationSceneManifest_Generation = YES;
				INFOPLIST_KEY_UIApplicationSupportsIndirectInputEvents = YES;
				INFOPLIST_KEY_UILaunchScreen_Generation = YES;
				INFOPLIST_KEY_UISupportedInterfaceOrientations_iPad = UIInterfaceOrientationPortrait;
				INFOPLIST_KEY_UISupportedInterfaceOrientations_iPhone = UIInterfaceOrientationPortrait;
				LD_RUNPATH_SEARCH_PATHS = (
					"$(inherited)",
					"@executable_path/Frameworks",
				);
				MARKETING_VERSION = 1.0;
				PRODUCT_BUNDLE_IDENTIFIER = com.jason.VolleyballTrainerAI;
				PRODUCT_NAME = "$(TARGET_NAME)";
				SWIFT_EMIT_LOC_STRINGS = YES;
				SWIFT_VERSION = 5.0;
				TARGETED_DEVICE_FAMILY = "1,2";
			};
			name = Debug;
		};
		963E76FE2FE4477900590BC2 /* Release */ = {
			isa = XCBuildConfiguration;
			buildSettings = {
				ASSETCATALOG_COMPILER_APPICON_NAME = AppIcon;
				ASSETCATALOG_COMPILER_GLOBAL_ACCENT_COLOR_NAME = AccentColor;
				CODE_SIGN_STYLE = Automatic;
				CURRENT_PROJECT_VERSION = 1;
				DEVELOPMENT_ASSET_PATHS = "\"VolleyballTrainerAI/Preview Content\"";
				DEVELOPMENT_TEAM = 2G78XY4X97;
				ENABLE_PREVIEWS = YES;
				GENERATE_INFOPLIST_FILE = YES;
				INFOPLIST_FILE = "";
				INFOPLIST_KEY_CFBundleDisplayName = "";
				INFOPLIST_KEY_LSApplicationCategoryType = "";
				INFOPLIST_KEY_NSCameraUsageDescription = "VolleyballTrainerAI requires live camera access to compute real-time skeleton point mapping and ball tracking paths.\n";
				INFOPLIST_KEY_NSMicrophoneUsageDescription = "VolleyballTrainerAI requires microphone access to measure structural audio spike impacts.\n";
				INFOPLIST_KEY_UIApplicationSceneManifest_Generation = YES;
				INFOPLIST_KEY_UIApplicationSupportsIndirectInputEvents = YES;
				INFOPLIST_KEY_UILaunchScreen_Generation = YES;
				INFOPLIST_KEY_UISupportedInterfaceOrientations_iPad = UIInterfaceOrientationPortrait;
				INFOPLIST_KEY_UISupportedInterfaceOrientations_iPhone = UIInterfaceOrientationPortrait;
				LD_RUNPATH_SEARCH_PATHS = (
					"$(inherited)",
					"@executable_path/Frameworks",
				);
				MARKETING_VERSION = 1.0;
				PRODUCT_BUNDLE_IDENTIFIER = com.jason.VolleyballTrainerAI;
				PRODUCT_NAME = "$(TARGET_NAME)";
				SWIFT_EMIT_LOC_STRINGS = YES;
				SWIFT_VERSION = 5.0;
				TARGETED_DEVICE_FAMILY = "1,2";
			};
			name = Release;
		};
		963E77002FE4477900590BC2 /* Debug */ = {
			isa = XCBuildConfiguration;
			buildSettings = {
				ALWAYS_EMBED_SWIFT_STANDARD_LIBRARIES = YES;
				BUNDLE_LOADER = "$(TEST_HOST)";
				CODE_SIGN_STYLE = Automatic;
				CURRENT_PROJECT_VERSION = 1;
				DEVELOPMENT_TEAM = 2G78XY4X97;
				GENERATE_INFOPLIST_FILE = YES;
				IPHONEOS_DEPLOYMENT_TARGET = 17.2;
				MARKETING_VERSION = 1.0;
				PRODUCT_BUNDLE_IDENTIFIER = com.jason.VolleyballTrainerAITests;
				PRODUCT_NAME = "$(TARGET_NAME)";
				SWIFT_EMIT_LOC_STRINGS = NO;
				SWIFT_VERSION = 5.0;
				TARGETED_DEVICE_FAMILY = "1,2";
				TEST_HOST = "$(BUILT_PRODUCTS_DIR)/VolleyballTrainerAI.app/$(BUNDLE_EXECUTABLE_FOLDER_PATH)/VolleyballTrainerAI";
			};
			name = Debug;
		};
		963E77012FE4477900590BC2 /* Release */ = {
			isa = XCBuildConfiguration;
			buildSettings = {
				ALWAYS_EMBED_SWIFT_STANDARD_LIBRARIES = YES;
				BUNDLE_LOADER = "$(TEST_HOST)";
				CODE_SIGN_STYLE = Automatic;
				CURRENT_PROJECT_VERSION = 1;
				DEVELOPMENT_TEAM = 2G78XY4X97;
				GENERATE_INFOPLIST_FILE = YES;
				IPHONEOS_DEPLOYMENT_TARGET = 17.2;
				MARKETING_VERSION = 1.0;
				PRODUCT_BUNDLE_IDENTIFIER = com.jason.VolleyballTrainerAITests;
				PRODUCT_NAME = "$(TARGET_NAME)";
				SWIFT_EMIT_LOC_STRINGS = NO;
				SWIFT_VERSION = 5.0;
				TARGETED_DEVICE_FAMILY = "1,2";
				TEST_HOST = "$(BUILT_PRODUCTS_DIR)/VolleyballTrainerAI.app/$(BUNDLE_EXECUTABLE_FOLDER_PATH)/VolleyballTrainerAI";
			};
			name = Release;
		};
		963E77032FE4477900590BC2 /* Debug */ = {
			isa = XCBuildConfiguration;
			buildSettings = {
				ALWAYS_EMBED_SWIFT_STANDARD_LIBRARIES = YES;
				CODE_SIGN_STYLE = Automatic;
				CURRENT_PROJECT_VERSION = 1;
				DEVELOPMENT_TEAM = 2G78XY4X97;
				GENERATE_INFOPLIST_FILE = YES;
				MARKETING_VERSION = 1.0;
				PRODUCT_BUNDLE_IDENTIFIER = com.jason.VolleyballTrainerAIUITests;
				PRODUCT_NAME = "$(TARGET_NAME)";
				SWIFT_EMIT_LOC_STRINGS = NO;
				SWIFT_VERSION = 5.0;
				TARGETED_DEVICE_FAMILY = "1,2";
				TEST_TARGET_NAME = VolleyballTrainerAI;
			};
			name = Debug;
		};
		963E77042FE4477900590BC2 /* Release */ = {
			isa = XCBuildConfiguration;
			buildSettings = {
				ALWAYS_EMBED_SWIFT_STANDARD_LIBRARIES = YES;
				CODE_SIGN_STYLE = Automatic;
				CURRENT_PROJECT_VERSION = 1;
				DEVELOPMENT_TEAM = 2G78XY4X97;
				GENERATE_INFOPLIST_FILE = YES;
				MARKETING_VERSION = 1.0;
				PRODUCT_BUNDLE_IDENTIFIER = com.jason.VolleyballTrainerAIUITests;
				PRODUCT_NAME = "$(TARGET_NAME)";
				SWIFT_EMIT_LOC_STRINGS = NO;
				SWIFT_VERSION = 5.0;
				TARGETED_DEVICE_FAMILY = "1,2";
				TEST_TARGET_NAME = VolleyballTrainerAI;
			};
			name = Release;
		};
/* End XCBuildConfiguration section */

/* Begin XCConfigurationList section */
		963E76D12FE4477400590BC2 /* Build configuration list for PBXProject "VolleyballTrainerAI" */ = {
			isa = XCConfigurationList;
			buildConfigurations = (
				963E76FA2FE4477900590BC2 /* Debug */,
				963E76FB2FE4477900590BC2 /* Release */,
			);
			defaultConfigurationIsVisible = 0;
			defaultConfigurationName = Release;
		};
		963E76FC2FE4477900590BC2 /* Build configuration list for PBXNativeTarget "VolleyballTrainerAI" */ = {
			isa = XCConfigurationList;
			buildConfigurations = (
				963E76FD2FE4477900590BC2 /* Debug */,
				963E76FE2FE4477900590BC2 /* Release */,
			);
			defaultConfigurationIsVisible = 0;
			defaultConfigurationName = Release;
		};
		963E76FF2FE4477900590BC2 /* Build configuration list for PBXNativeTarget "VolleyballTrainerAITests" */ = {
			isa = XCConfigurationList;
			buildConfigurations = (
				963E77002FE4477900590BC2 /* Debug */,
				963E77012FE4477900590BC2 /* Release */,
			);
			defaultConfigurationIsVisible = 0;
			defaultConfigurationName = Release;
		};
		963E77022FE4477900590BC2 /* Build configuration list for PBXNativeTarget "VolleyballTrainerAIUITests" */ = {
			isa = XCConfigurationList;
			buildConfigurations = (
				963E77032FE4477900590BC2 /* Debug */,
				963E77042FE4477900590BC2 /* Release */,
			);
			defaultConfigurationIsVisible = 0;
			defaultConfigurationName = Release;
		};
/* End XCConfigurationList section */
	};
	rootObject = 963E76CE2FE4477400590BC2 /* Project object */;
}
